// !$*UTF8*$!
{
	archiveVersion = 1;
	classes = {
	};
	objectVersion = 56;
	objects = {

/* Begin PBXBuildFile section */
		17B4C1312C93627200D4CAAB /* AppDelegate.swift in Sources */ = {isa = PBXBuildFile; fileRef = 17B4C1302C93627200D4CAAB /* AppDelegate.swift */; };
		17B4C1332C93627200D4CAAB /* SceneDelegate.swift in Sources */ = {isa = PBXBuildFile; fileRef = 17B4C1322C93627200D4CAAB /* SceneDelegate.swift */; };
		17B4C1352C93627200D4CAAB /* ViewController.swift in Sources */ = {isa = PBXBuildFile; fileRef = 17B4C1342C93627200D4CAAB /* ViewController.swift */; };
		17B4C1382C93627200D4CAAB /* Main.storyboard in Resources */ = {isa = PBXBuildFile; fileRef = 17B4C1362C93627200D4CAAB /* Main.storyboard */; };
		17B4C13A2C93627400D4CAAB /* Assets.xcassets in Resources */ = {isa = PBXBuildFile; fileRef = 17B4C1392C93627400D4CAAB /* Assets.xcassets */; };
		17B4C13D2C93627400D4CAAB /* LaunchScreen.storyboard in Resources */ = {isa = PBXBuildFile; fileRef = 17B4C13B2C93627400D4CAAB /* LaunchScreen.storyboard */; };
		17B4C1482C93627400D4CAAB /* Hesap_MakinesiTests.swift in Sources */ = {isa = PBXBuildFile; fileRef = 17B4C1472C93627400D4CAAB /* Hesap_MakinesiTests.swift */; };
		17B4C1522C93627400D4CAAB /* Hesap_MakinesiUITests.swift in Sources */ = {isa = PBXBuildFile; fileRef = 17B4C1512C93627400D4CAAB /* Hesap_MakinesiUITests.swift */; };
		17B4C1542C93627400D4CAAB /* Hesap_MakinesiUITestsLaunchTests.swift in Sources */ = {isa = PBXBuildFile; fileRef = 17B4C1532C93627400D4CAAB /* Hesap_MakinesiUITestsLaunchTests.swift */; };
/* End PBXBuildFile section */

/* Begin PBXContainerItemProxy section */
		17B4C1442C93627400D4CAAB /* PBXContainerItemProxy */ = {
			isa = PBXContainerItemProxy;
			containerPortal = 17B4C1252C93627200D4CAAB /* Project object */;
			proxyType = 1;
			remoteGlobalIDString = 17B4C12C2C93627200D4CAAB;
			remoteInfo = "Hesap Makinesi";
		};
		17B4C14E2C93627400D4CAAB /* PBXContainerItemProxy */ = {
			isa = PBXContainerItemProxy;
			containerPortal = 17B4C1252C93627200D4CAAB /* Project object */;
			proxyType = 1;
			remoteGlobalIDString = 17B4C12C2C93627200D4CAAB;
			remoteInfo = "Hesap Makinesi";
		};
/* End PBXContainerItemProxy section */

/* Begin PBXFileReference section */
		17B4C12D2C93627200D4CAAB /* Hesap Makinesi.app */ = {isa = PBXFileReference; explicitFileType = wrapper.application; includeInIndex = 0; path = "Hesap Makinesi.app"; sourceTree = BUILT_PRODUCTS_DIR; };
		17B4C1302C93627200D4CAAB /* AppDelegate.swift */ = {isa = PBXFileReference; lastKnownFileType = sourcecode.swift; path = AppDelegate.swift; sourceTree = "<group>"; };
		17B4C1322C93627200D4CAAB /* SceneDelegate.swift */ = {isa = PBXFileReference; lastKnownFileType = sourcecode.swift; path = SceneDelegate.swift; sourceTree = "<group>"; };
		17B4C1342C93627200D4CAAB /* ViewController.swift */ = {isa = PBXFileReference; lastKnownFileType = sourcecode.swift; path = ViewController.swift; sourceTree = "<group>"; };
		17B4C1372C93627200D4CAAB /* Base */ = {isa = PBXFileReference; lastKnownFileType = file.storyboard; name = Base; path = Base.lproj/Main.storyboard; sourceTree = "<group>"; };
		17B4C1392C93627400D4CAAB /* Assets.xcassets */ = {isa = PBXFileReference; lastKnownFileType = folder.assetcatalog; path = Assets.xcassets; sourceTree = "<group>"; };
		17B4C13C2C93627400D4CAAB /* Base */ = {isa = PBXFileReference; lastKnownFileType = file.storyboard; name = Base; path = Base.lproj/LaunchScreen.storyboard; sourceTree = "<group>"; };
		17B4C13E2C93627400D4CAAB /* Info.plist */ = {isa = PBXFileReference; lastKnownFileType = text.plist.xml; path = Info.plist; sourceTree = "<group>"; };
		17B4C1432C93627400D4CAAB /* Hesap MakinesiTests.xctest */ = {isa = PBXFileReference; explicitFileType = wrapper.cfbundle; includeInIndex = 0; path = "Hesap MakinesiTests.xctest"; sourceTree = BUILT_PRODUCTS_DIR; };
		17B4C1472C93627400D4CAAB /* Hesap_MakinesiTests.swift */ = {isa = PBXFileReference; lastKnownFileType = sourcecode.swift; path = Hesap_MakinesiTests.swift; sourceTree = "<group>"; };
		17B4C14D2C93627400D4CAAB /* Hesap MakinesiUITests.xctest */ = {isa = PBXFileReference; explicitFileType = wrapper.cfbundle; includeInIndex = 0; path = "Hesap MakinesiUITests.xctest"; sourceTree = BUILT_PRODUCTS_DIR; };
		17B4C1512C93627400D4CAAB /* Hesap_MakinesiUITests.swift */ = {isa = PBXFileReference; lastKnownFileType = sourcecode.swift; path = Hesap_MakinesiUITests.swift; sourceTree = "<group>"; };
		17B4C1532C93627400D4CAAB /* Hesap_MakinesiUITestsLaunchTests.swift */ = {isa = PBXFileReference; lastKnownFileType = sourcecode.swift; path = Hesap_MakinesiUITestsLaunchTests.swift; sourceTree = "<group>"; };
/* End PBXFileReference section */

/* Begin PBXFrameworksBuildPhase section */
		17B4C12A2C93627200D4CAAB /* Frameworks */ = {
			isa = PBXFrameworksBuildPhase;
			buildActionMask = 2147483647;
			files = (
			);
			runOnlyForDeploymentPostprocessing = 0;
		};
		17B4C1402C93627400D4CAAB /* Frameworks */ = {
			isa = PBXFrameworksBuildPhase;
			buildActionMask = 2147483647;
			files = (
			);
			runOnlyForDeploymentPostprocessing = 0;
		};
		17B4C14A2C93627400D4CAAB /* Frameworks */ = {
			isa = PBXFrameworksBuildPhase;
			buildActionMask = 2147483647;
			files = (
			);
			runOnlyForDeploymentPostprocessing = 0;
		};
/* End PBXFrameworksBuildPhase section */

/* Begin PBXGroup section */
		17B4C1242C93627200D4CAAB = {
			isa = PBXGroup;
			children = (
				17B4C12F2C93627200D4CAAB /* Hesap Makinesi */,
				17B4C1462C93627400D4CAAB /* Hesap MakinesiTests */,
				17B4C1502C93627400D4CAAB /* Hesap MakinesiUITests */,
				17B4C12E2C93627200D4CAAB /* Products */,
			);
			sourceTree = "<group>";
		};
		17B4C12E2C93627200D4CAAB /* Products */ = {
			isa = PBXGroup;
			children = (
				17B4C12D2C93627200D4CAAB /* Hesap Makinesi.app */,
				17B4C1432C93627400D4CAAB /* Hesap MakinesiTests.xctest */,
				17B4C14D2C93627400D4CAAB /* Hesap MakinesiUITests.xctest */,
			);
			name = Products;
			sourceTree = "<group>";
		};
		17B4C12F2C93627200D4CAAB /* Hesap Makinesi */ = {
			isa = PBXGroup;
			children = (
				17B4C1302C93627200D4CAAB /* AppDelegate.swift */,
				17B4C1322C93627200D4CAAB /* SceneDelegate.swift */,
				17B4C1342C93627200D4CAAB /* ViewController.swift */,
				17B4C1362C93627200D4CAAB /* Main.storyboard */,
				17B4C1392C93627400D4CAAB /* Assets.xcassets */,
				17B4C13B2C93627400D4CAAB /* LaunchScreen.storyboard */,
				17B4C13E2C93627400D4CAAB /* Info.plist */,
			);
			path = "Hesap Makinesi";
			sourceTree = "<group>";
		};
		17B4C1462C93627400D4CAAB /* Hesap MakinesiTests */ = {
			isa = PBXGroup;
			children = (
				17B4C1472C93627400D4CAAB /* Hesap_MakinesiTests.swift */,
			);
			path = "Hesap MakinesiTests";
			sourceTree = "<group>";
		};
		17B4C1502C93627400D4CAAB /* Hesap MakinesiUITests */ = {
			isa = PBXGroup;
			children = (
				17B4C1512C93627400D4CAAB /* Hesap_MakinesiUITests.swift */,
				17B4C1532C93627400D4CAAB /* Hesap_MakinesiUITestsLaunchTests.swift */,
			);
			path = "Hesap MakinesiUITests";
			sourceTree = "<group>";
		};
/* End PBXGroup section */

/* Begin PBXNativeTarget section */
		17B4C12C2C93627200D4CAAB /* Hesap Makinesi */ = {
			isa = PBXNativeTarget;
			buildConfigurationList = 17B4C1572C93627400D4CAAB /* Build configuration list for PBXNativeTarget "Hesap Makinesi" */;
			buildPhases = (
				17B4C1292C93627200D4CAAB /* Sources */,
				17B4C12A2C93627200D4CAAB /* Frameworks */,
				17B4C12B2C93627200D4CAAB /* Resources */,
			);
			buildRules = (
			);
			dependencies = (
			);
			name = "Hesap Makinesi";
			productName = "Hesap Makinesi";
			productReference = 17B4C12D2C93627200D4CAAB /* Hesap Makinesi.app */;
			productType = "com.apple.product-type.application";
		};
		17B4C1422C93627400D4CAAB /* Hesap MakinesiTests */ = {
			isa = PBXNativeTarget;
			buildConfigurationList = 17B4C15A2C93627400D4CAAB /* Build configuration list for PBXNativeTarget "Hesap MakinesiTests" */;
			buildPhases = (
				17B4C13F2C93627400D4CAAB /* Sources */,
				17B4C1402C93627400D4CAAB /* Frameworks */,
				17B4C1412C93627400D4CAAB /* Resources */,
			);
			buildRules = (
			);
			dependencies = (
				17B4C1452C93627400D4CAAB /* PBXTargetDependency */,
			);
			name = "Hesap MakinesiTests";
			productName = "Hesap MakinesiTests";
			productReference = 17B4C1432C93627400D4CAAB /* Hesap MakinesiTests.xctest */;
			productType = "com.apple.product-type.bundle.unit-test";
		};
		17B4C14C2C93627400D4CAAB /* Hesap MakinesiUITests */ = {
			isa = PBXNativeTarget;
			buildConfigurationList = 17B4C15D2C93627400D4CAAB /* Build configuration list for PBXNativeTarget "Hesap MakinesiUITests" */;
			buildPhases = (
				17B4C1492C93627400D4CAAB /* Sources */,
				17B4C14A2C93627400D4CAAB /* Frameworks */,
				17B4C14B2C93627400D4CAAB /* Resources */,
			);
			buildRules = (
			);
			dependencies = (
				17B4C14F2C93627400D4CAAB /* PBXTargetDependency */,
			);
			name = "Hesap MakinesiUITests";
			productName = "Hesap MakinesiUITests";
			productReference = 17B4C14D2C93627400D4CAAB /* Hesap MakinesiUITests.xctest */;
			productType = "com.apple.product-type.bundle.ui-testing";
		};
/* End PBXNativeTarget section */

/* Begin PBXProject section */
		17B4C1252C93627200D4CAAB /* Project object */ = {
			isa = PBXProject;
			attributes = {
				BuildIndependentTargetsInParallel = 1;
				LastSwiftUpdateCheck = 1510;
				LastUpgradeCheck = 1510;
				TargetAttributes = {
					17B4C12C2C93627200D4CAAB = {
						CreatedOnToolsVersion = 15.1;
					};
					17B4C1422C93627400D4CAAB = {
						CreatedOnToolsVersion = 15.1;
						TestTargetID = 17B4C12C2C93627200D4CAAB;
					};
					17B4C14C2C93627400D4CAAB = {
						CreatedOnToolsVersion = 15.1;
						TestTargetID = 17B4C12C2C93627200D4CAAB;
					};
				};
			};
			buildConfigurationList = 17B4C1282C93627200D4CAAB /* Build configuration list for PBXProject "Hesap Makinesi" */;
			compatibilityVersion = "Xcode 14.0";
			developmentRegion = en;
			hasScannedForEncodings = 0;
			knownRegions = (
				en,
				Base,
			);
			mainGroup = 17B4C1242C93627200D4CAAB;
			productRefGroup = 17B4C12E2C93627200D4CAAB /* Products */;
			projectDirPath = "";
			projectRoot = "";
			targets = (
				17B4C12C2C93627200D4CAAB /* Hesap Makinesi */,
				17B4C1422C93627400D4CAAB /* Hesap MakinesiTests */,
				17B4C14C2C93627400D4CAAB /* Hesap MakinesiUITests */,
			);
		};
/* End PBXProject section */

/* Begin PBXResourcesBuildPhase section */
		17B4C12B2C93627200D4CAAB /* Resources */ = {
			isa = PBXResourcesBuildPhase;
			buildActionMask = 2147483647;
			files = (
				17B4C13D2C93627400D4CAAB /* LaunchScreen.storyboard in Resources */,
				17B4C13A2C93627400D4CAAB /* Assets.xcassets in Resources */,
				17B4C1382C93627200D4CAAB /* Main.storyboard in Resources */,
			);
			runOnlyForDeploymentPostprocessing = 0;
		};
		17B4C1412C93627400D4CAAB /* Resources */ = {
			isa = PBXResourcesBuildPhase;
			buildActionMask = 2147483647;
			files = (
			);
			runOnlyForDeploymentPostprocessing = 0;
		};
		17B4C14B2C93627400D4CAAB /* Resources */ = {
			isa = PBXResourcesBuildPhase;
			buildActionMask = 2147483647;
			files = (
			);
			runOnlyForDeploymentPostprocessing = 0;
		};
/* End PBXResourcesBuildPhase section */

/* Begin PBXSourcesBuildPhase section */
		17B4C1292C93627200D4CAAB /* Sources */ = {
			isa = PBXSourcesBuildPhase;
			buildActionMask = 2147483647;
			files = (
				17B4C1352C93627200D4CAAB /* ViewController.swift in Sources */,
				17B4C1312C93627200D4CAAB /* AppDelegate.swift in Sources */,
				17B4C1332C93627200D4CAAB /* SceneDelegate.swift in Sources */,
			);
			runOnlyForDeploymentPostprocessing = 0;
		};
		17B4C13F2C93627400D4CAAB /* Sources */ = {
			isa = PBXSourcesBuildPhase;
			buildActionMask = 2147483647;
			files = (
				17B4C1482C93627400D4CAAB /* Hesap_MakinesiTests.swift in Sources */,
			);
			runOnlyForDeploymentPostprocessing = 0;
		};
		17B4C1492C93627400D4CAAB /* Sources */ = {
			isa = PBXSourcesBuildPhase;
			buildActionMask = 2147483647;
			files = (
				17B4C1522C93627400D4CAAB /* Hesap_MakinesiUITests.swift in Sources */,
				17B4C1542C93627400D4CAAB /* Hesap_MakinesiUITestsLaunchTests.swift in Sources */,
			);
			runOnlyForDeploymentPostprocessing = 0;
		};
/* End PBXSourcesBuildPhase section */

/* Begin PBXTargetDependency section */
		17B4C1452C93627400D4CAAB /* PBXTargetDependency */ = {
			isa = PBXTargetDependency;
			target = 17B4C12C2C93627200D4CAAB /* Hesap Makinesi */;
			targetProxy = 17B4C1442C93627400D4CAAB /* PBXContainerItemProxy */;
		};
		17B4C14F2C93627400D4CAAB /* PBXTargetDependency */ = {
			isa = PBXTargetDependency;
			target = 17B4C12C2C93627200D4CAAB /* Hesap Makinesi */;
			targetProxy = 17B4C14E2C93627400D4CAAB /* PBXContainerItemProxy */;
		};
/* End PBXTargetDependency section */

/* Begin PBXVariantGroup section */
		17B4C1362C93627200D4CAAB /* Main.storyboard */ = {
			isa = PBXVariantGroup;
			children = (
				17B4C1372C93627200D4CAAB /* Base */,
			);
			name = Main.storyboard;
			sourceTree = "<group>";
		};
		17B4C13B2C93627400D4CAAB /* LaunchScreen.storyboard */ = {
			isa = PBXVariantGroup;
			children = (
				17B4C13C2C93627400D4CAAB /* Base */,
			);
			name = LaunchScreen.storyboard;
			sourceTree = "<group>";
		};
/* End PBXVariantGroup section */

/* Begin XCBuildConfiguration section */
		17B4C1552C93627400D4CAAB /* Debug */ = {
			isa = XCBuildConfiguration;
			buildSettings = {
				ALWAYS_SEARCH_USER_PATHS = NO;
				ASSETCATALOG_COMPILER_GENERATE_SWIFT_ASSET_SYMBOL_EXTENSIONS = YES;
				CLANG_ANALYZER_NONNULL = YES;
				CLANG_ANALYZER_NUMBER_OBJECT_CONVERSION = YES_AGGRESSIVE;
				CLANG_CXX_LANGUAGE_STANDARD = "gnu++20";
				CLANG_ENABLE_MODULES = YES;
				CLANG_ENABLE_OBJC_ARC = YES;
				CLANG_ENABLE_OBJC_WEAK = YES;
				CLANG_WARN_BLOCK_CAPTURE_AUTORELEASING = YES;
				CLANG_WARN_BOOL_CONVERSION = YES;
				CLANG_WARN_COMMA = YES;
				CLANG_WARN_CONSTANT_CONVERSION = YES;
				CLANG_WARN_DEPRECATED_OBJC_IMPLEMENTATIONS = YES;
				CLANG_WARN_DIRECT_OBJC_ISA_USAGE = YES_ERROR;
				CLANG_WARN_DOCUMENTATION_COMMENTS = YES;
				CLANG_WARN_EMPTY_BODY = YES;
				CLANG_WARN_ENUM_CONVERSION = YES;
				CLANG_WARN_INFINITE_RECURSION = YES;
				CLANG_WARN_INT_CONVERSION = YES;
				CLANG_WARN_NON_LITERAL_NULL_CONVERSION = YES;
				CLANG_WARN_OBJC_IMPLICIT_RETAIN_SELF = YES;
				CLANG_WARN_OBJC_LITERAL_CONVERSION = YES;
				CLANG_WARN_OBJC_ROOT_CLASS = YES_ERROR;
				CLANG_WARN_QUOTED_INCLUDE_IN_FRAMEWORK_HEADER = YES;
				CLANG_WARN_RANGE_LOOP_ANALYSIS = YES;
				CLANG_WARN_STRICT_PROTOTYPES = YES;
				CLANG_WARN_SUSPICIOUS_MOVE = YES;
				CLANG_WARN_UNGUARDED_AVAILABILITY = YES_AGGRESSIVE;
				CLANG_WARN_UNREACHABLE_CODE = YES;
				CLANG_WARN__DUPLICATE_METHOD_MATCH = YES;
				COPY_PHASE_STRIP = NO;
				DEBUG_INFORMATION_FORMAT = dwarf;
				ENABLE_STRICT_OBJC_MSGSEND = YES;
				ENABLE_TESTABILITY = YES;
				ENABLE_USER_SCRIPT_SANDBOXING = YES;
				GCC_C_LANGUAGE_STANDARD = gnu17;
				GCC_DYNAMIC_NO_PIC = NO;
				GCC_NO_COMMON_BLOCKS = YES;
				GCC_OPTIMIZATION_LEVEL = 0;
				GCC_PREPROCESSOR_DEFINITIONS = (
					"DEBUG=1",
					"$(inherited)",
				);
				GCC_WARN_64_TO_32_BIT_CONVERSION = YES;
				GCC_WARN_ABOUT_RETURN_TYPE = YES_ERROR;
				GCC_WARN_UNDECLARED_SELECTOR = YES;
				GCC_WARN_UNINITIALIZED_AUTOS = YES_AGGRESSIVE;
				GCC_WARN_UNUSED_FUNCTION = YES;
				GCC_WARN_UNUSED_VARIABLE = YES;
				IPHONEOS_DEPLOYMENT_TARGET = 17.2;
				LOCALIZATION_PREFERS_STRING_CATALOGS = YES;
				MTL_ENABLE_DEBUG_INFO = INCLUDE_SOURCE;
				MTL_FAST_MATH = YES;
				ONLY_ACTIVE_ARCH = YES;
				SDKROOT = iphoneos;
				SWIFT_ACTIVE_COMPILATION_CONDITIONS = "DEBUG $(inherited)";
				SWIFT_OPTIMIZATION_LEVEL = "-Onone";
			};
			name = Debug;
		};
		17B4C1562C93627400D4CAAB /* Release */ = {
			isa = XCBuildConfiguration;
			buildSettings = {
				ALWAYS_SEARCH_USER_PATHS = NO;
				ASSETCATALOG_COMPILER_GENERATE_SWIFT_ASSET_SYMBOL_EXTENSIONS = YES;
				CLANG_ANALYZER_NONNULL = YES;
				CLANG_ANALYZER_NUMBER_OBJECT_CONVERSION = YES_AGGRESSIVE;
				CLANG_CXX_LANGUAGE_STANDARD = "gnu++20";
				CLANG_ENABLE_MODULES = YES;
				CLANG_ENABLE_OBJC_ARC = YES;
				CLANG_ENABLE_OBJC_WEAK = YES;
				CLANG_WARN_BLOCK_CAPTURE_AUTORELEASING = YES;
				CLANG_WARN_BOOL_CONVERSION = YES;
				CLANG_WARN_COMMA = YES;
				CLANG_WARN_CONSTANT_CONVERSION = YES;
				CLANG_WARN_DEPRECATED_OBJC_IMPLEMENTATIONS = YES;
				CLANG_WARN_DIRECT_OBJC_ISA_USAGE = YES_ERROR;
				CLANG_WARN_DOCUMENTATION_COMMENTS = YES;
				CLANG_WARN_EMPTY_BODY = YES;
				CLANG_WARN_ENUM_CONVERSION = YES;
				CLANG_WARN_INFINITE_RECURSION = YES;
				CLANG_WARN_INT_CONVERSION = YES;
				CLANG_WARN_NON_LITERAL_NULL_CONVERSION = YES;
				CLANG_WARN_OBJC_IMPLICIT_RETAIN_SELF = YES;
				CLANG_WARN_OBJC_LITERAL_CONVERSION = YES;
				CLANG_WARN_OBJC_ROOT_CLASS = YES_ERROR;
				CLANG_WARN_QUOTED_INCLUDE_IN_FRAMEWORK_HEADER = YES;
				CLANG_WARN_RANGE_LOOP_ANALYSIS = YES;
				CLANG_WARN_STRICT_PROTOTYPES = YES;
				CLANG_WARN_SUSPICIOUS_MOVE = YES;
				CLANG_WARN_UNGUARDED_AVAILABILITY = YES_AGGRESSIVE;
				CLANG_WARN_UNREACHABLE_CODE = YES;
				CLANG_WARN__DUPLICATE_METHOD_MATCH = YES;
				COPY_PHASE_STRIP = NO;
				DEBUG_INFORMATION_FORMAT = "dwarf-with-dsym";
				ENABLE_NS_ASSERTIONS = NO;
				ENABLE_STRICT_OBJC_MSGSEND = YES;
				ENABLE_USER_SCRIPT_SANDBOXING = YES;
				GCC_C_LANGUAGE_STANDARD = gnu17;
				GCC_NO_COMMON_BLOCKS = YES;
				GCC_WARN_64_TO_32_BIT_CONVERSION = YES;
				GCC_WARN_ABOUT_RETURN_TYPE = YES_ERROR;
				GCC_WARN_UNDECLARED_SELECTOR = YES;
				GCC_WARN_UNINITIALIZED_AUTOS = YES_AGGRESSIVE;
				GCC_WARN_UNUSED_FUNCTION = YES;
				GCC_WARN_UNUSED_VARIABLE = YES;
				IPHONEOS_DEPLOYMENT_TARGET = 17.2;
				LOCALIZATION_PREFERS_STRING_CATALOGS = YES;
				MTL_ENABLE_DEBUG_INFO = NO;
				MTL_FAST_MATH = YES;
				SDKROOT = iphoneos;
				SWIFT_COMPILATION_MODE = wholemodule;
				VALIDATE_PRODUCT = YES;
			};
			name = Release;
		};
		17B4C1582C93627400D4CAAB /* Debug */ = {
			isa = XCBuildConfiguration;
			buildSettings = {
				ASSETCATALOG_COMPILER_APPICON_NAME = AppIcon;
				ASSETCATALOG_COMPILER_GLOBAL_ACCENT_COLOR_NAME = AccentColor;
				CODE_SIGN_STYLE = Automatic;
				CURRENT_PROJECT_VERSION = 1;
				DEVELOPMENT_TEAM = 3X4PXH4ZQF;
				GENERATE_INFOPLIST_FILE = YES;
				INFOPLIST_FILE = "Hesap Makinesi/Info.plist";
				INFOPLIST_KEY_UIApplicationSupportsIndirectInputEvents = YES;
				INFOPLIST_KEY_UILaunchStoryboardName = LaunchScreen;
				INFOPLIST_KEY_UIMainStoryboardFile = Main;
				INFOPLIST_KEY_UISupportedInterfaceOrientations_iPad = "UIInterfaceOrientationPortrait UIInterfaceOrientationPortraitUpsideDown UIInterfaceOrientationLandscapeLeft UIInterfaceOrientationLandscapeRight";
				INFOPLIST_KEY_UISupportedInterfaceOrientations_iPhone = "UIInterfaceOrientationPortrait UIInterfaceOrientationLandscapeLeft UIInterfaceOrientationLandscapeRight";
				LD_RUNPATH_SEARCH_PATHS = (
					"$(inherited)",
					"@executable_path/Frameworks",
				);
				MARKETING_VERSION = 1.0;
				PRODUCT_BUNDLE_IDENTIFIER = "com.talhacoskun.new-game.Hesap-Makinesi";
				PRODUCT_NAME = "$(TARGET_NAME)";
				SWIFT_EMIT_LOC_STRINGS = YES;
				SWIFT_VERSION = 5.0;
				TARGETED_DEVICE_FAMILY = "1,2";
			};
			name = Debug;
		};
		17B4C1592C93627400D4CAAB /* Release */ = {
			isa = XCBuildConfiguration;
			buildSettings = {
				ASSETCATALOG_COMPILER_APPICON_NAME = AppIcon;
				ASSETCATALOG_COMPILER_GLOBAL_ACCENT_COLOR_NAME = AccentColor;
				CODE_SIGN_STYLE = Automatic;
				CURRENT_PROJECT_VERSION = 1;
				DEVELOPMENT_TEAM = 3X4PXH4ZQF;
				GENERATE_INFOPLIST_FILE = YES;
				INFOPLIST_FILE = "Hesap Makinesi/Info.plist";
				INFOPLIST_KEY_UIApplicationSupportsIndirectInputEvents = YES;
				INFOPLIST_KEY_UILaunchStoryboardName = LaunchScreen;
				INFOPLIST_KEY_UIMainStoryboardFile = Main;
				INFOPLIST_KEY_UISupportedInterfaceOrientations_iPad = "UIInterfaceOrientationPortrait UIInterfaceOrientationPortraitUpsideDown UIInterfaceOrientationLandscapeLeft UIInterfaceOrientationLandscapeRight";
				INFOPLIST_KEY_UISupportedInterfaceOrientations_iPhone = "UIInterfaceOrientationPortrait UIInterfaceOrientationLandscapeLeft UIInterfaceOrientationLandscapeRight";
				LD_RUNPATH_SEARCH_PATHS = (
					"$(inherited)",
					"@executable_path/Frameworks",
				);
				MARKETING_VERSION = 1.0;
				PRODUCT_BUNDLE_IDENTIFIER = "com.talhacoskun.new-game.Hesap-Makinesi";
				PRODUCT_NAME = "$(TARGET_NAME)";
				SWIFT_EMIT_LOC_STRINGS = YES;
				SWIFT_VERSION = 5.0;
				TARGETED_DEVICE_FAMILY = "1,2";
			};
			name = Release;
		};
		17B4C15B2C93627400D4CAAB /* Debug */ = {
			isa = XCBuildConfiguration;
			buildSettings = {
				ALWAYS_EMBED_SWIFT_STANDARD_LIBRARIES = YES;
				BUNDLE_LOADER = "$(TEST_HOST)";
				CODE_SIGN_STYLE = Automatic;
				CURRENT_PROJECT_VERSION = 1;
				DEVELOPMENT_TEAM = 3X4PXH4ZQF;
				GENERATE_INFOPLIST_FILE = YES;
				IPHONEOS_DEPLOYMENT_TARGET = 17.2;
				MARKETING_VERSION = 1.0;
				PRODUCT_BUNDLE_IDENTIFIER = "com.talhacoskun.new-game.Hesap-MakinesiTests";
				PRODUCT_NAME = "$(TARGET_NAME)";
				SWIFT_EMIT_LOC_STRINGS = NO;
				SWIFT_VERSION = 5.0;
				TARGETED_DEVICE_FAMILY = "1,2";
				TEST_HOST = "$(BUILT_PRODUCTS_DIR)/Hesap Makinesi.app/$(BUNDLE_EXECUTABLE_FOLDER_PATH)/Hesap Makinesi";
			};
			name = Debug;
		};
		17B4C15C2C93627400D4CAAB /* Release */ = {
			isa = XCBuildConfiguration;
			buildSettings = {
				ALWAYS_EMBED_SWIFT_STANDARD_LIBRARIES = YES;
				BUNDLE_LOADER = "$(TEST_HOST)";
				CODE_SIGN_STYLE = Automatic;
				CURRENT_PROJECT_VERSION = 1;
				DEVELOPMENT_TEAM = 3X4PXH4ZQF;
				GENERATE_INFOPLIST_FILE = YES;
				IPHONEOS_DEPLOYMENT_TARGET = 17.2;
				MARKETING_VERSION = 1.0;
				PRODUCT_BUNDLE_IDENTIFIER = "com.talhacoskun.new-game.Hesap-MakinesiTests";
				PRODUCT_NAME = "$(TARGET_NAME)";
				SWIFT_EMIT_LOC_STRINGS = NO;
				SWIFT_VERSION = 5.0;
				TARGETED_DEVICE_FAMILY = "1,2";
				TEST_HOST = "$(BUILT_PRODUCTS_DIR)/Hesap Makinesi.app/$(BUNDLE_EXECUTABLE_FOLDER_PATH)/Hesap Makinesi";
			};
			name = Release;
		};
		17B4C15E2C93627400D4CAAB /* Debug */ = {
			isa = XCBuildConfiguration;
			buildSettings = {
				ALWAYS_EMBED_SWIFT_STANDARD_LIBRARIES = YES;
				CODE_SIGN_STYLE = Automatic;
				CURRENT_PROJECT_VERSION = 1;
				DEVELOPMENT_TEAM = 3X4PXH4ZQF;
				GENERATE_INFOPLIST_FILE = YES;
				MARKETING_VERSION = 1.0;
				PRODUCT_BUNDLE_IDENTIFIER = "com.talhacoskun.new-game.Hesap-MakinesiUITests";
				PRODUCT_NAME = "$(TARGET_NAME)";
				SWIFT_EMIT_LOC_STRINGS = NO;
				SWIFT_VERSION = 5.0;
				TARGETED_DEVICE_FAMILY = "1,2";
				TEST_TARGET_NAME = "Hesap Makinesi";
			};
			name = Debug;
		};
		17B4C15F2C93627400D4CAAB /* Release */ = {
			isa = XCBuildConfiguration;
			buildSettings = {
				ALWAYS_EMBED_SWIFT_STANDARD_LIBRARIES = YES;
				CODE_SIGN_STYLE = Automatic;
				CURRENT_PROJECT_VERSION = 1;
				DEVELOPMENT_TEAM = 3X4PXH4ZQF;
				GENERATE_INFOPLIST_FILE = YES;
				MARKETING_VERSION = 1.0;
				PRODUCT_BUNDLE_IDENTIFIER = "com.talhacoskun.new-game.Hesap-MakinesiUITests";
				PRODUCT_NAME = "$(TARGET_NAME)";
				SWIFT_EMIT_LOC_STRINGS = NO;
				SWIFT_VERSION = 5.0;
				TARGETED_DEVICE_FAMILY = "1,2";
				TEST_TARGET_NAME = "Hesap Makinesi";
			};
			name = Release;
		};
/* End XCBuildConfiguration section */

/* Begin XCConfigurationList section */
		17B4C1282C93627200D4CAAB /* Build configuration list for PBXProject "Hesap Makinesi" */ = {
			isa = XCConfigurationList;
			buildConfigurations = (
				17B4C1552C93627400D4CAAB /* Debug */,
				17B4C1562C93627400D4CAAB /* Release */,
			);
			defaultConfigurationIsVisible = 0;
			defaultConfigurationName = Release;
		};
		17B4C1572C93627400D4CAAB /* Build configuration list for PBXNativeTarget "Hesap Makinesi" */ = {
			isa = XCConfigurationList;
			buildConfigurations = (
				17B4C1582C93627400D4CAAB /* Debug */,
				17B4C1592C93627400D4CAAB /* Release */,
			);
			defaultConfigurationIsVisible = 0;
			defaultConfigurationName = Release;
		};
		17B4C15A2C93627400D4CAAB /* Build configuration list for PBXNativeTarget "Hesap MakinesiTests" */ = {
			isa = XCConfigurationList;
			buildConfigurations = (
				17B4C15B2C93627400D4CAAB /* Debug */,
				17B4C15C2C93627400D4CAAB /* Release */,
			);
			defaultConfigurationIsVisible = 0;
			defaultConfigurationName = Release;
		};
		17B4C15D2C93627400D4CAAB /* Build configuration list for PBXNativeTarget "Hesap MakinesiUITests" */ = {
			isa = XCConfigurationList;
			buildConfigurations = (
				17B4C15E2C93627400D4CAAB /* Debug */,
				17B4C15F2C93627400D4CAAB /* Release */,
			);
			defaultConfigurationIsVisible = 0;
			defaultConfigurationName = Release;
		};
/* End XCConfigurationList section */
	};
	rootObject = 17B4C1252C93627200D4CAAB /* Project object */;
}
